# versions.lock — single mirror of pinned tool versions used by zwasm.
#
# Source of truth: flake.nix (Linux/macOS via nix devshell + direnv).
# This file mirrors the same pins for environments that cannot use Nix —
# primarily Windows native installs and CI workflow steps that need a
# version string before nix is available. Sourced as a bash file
# (`source .github/versions.lock`) and read by Python via splitlines().
#
# IMPORTANT: do NOT add inline comments after a value. Keep comments on
# their own line above each entry. Bash strips trailing `# ...` when
# sourcing, but the Python reader in ci.yml does a plain split('=', 1)
# and would otherwise pull the comment text into the version string.
#
# Update process (until scripts/sync-versions.sh lands):
#   1. Bump the value below
#   2. If the pin lives in flake.nix (Zig, WASI SDK), update flake.nix too
#   3. Run zig build test + the relevant gates locally
#
# Categories:
#   [enforced] CI / install scripts read this value to fetch the tool
#   [planned]  Will be enforced once Plan B introduces a Windows installer
#              and Plan C extends Windows CI coverage. Values track
#              flake.lock today.

# === [enforced] tools ===

# Mirrors flake.nix zigArchInfo.
ZIG_VERSION=0.16.0
# cargo install in ci.yml.
WASM_TOOLS_VERSION=1.246.1
# Release zip download in ci.yml; install-tools.ps1 release zip on Windows.
WASMTIME_VERSION=42.0.1
# Mirrors flake.nix wasiSdkArchInfo (Linux/macOS/Windows tarballs).
WASI_SDK_VERSION=30
# rustup install in ci.yml; install-tools.ps1 rustup-init toolchain on Windows.
RUST_VERSION=stable
# Windows install-tools.ps1 release zip; Linux/macOS get hyperfine
# via nix devshell (nixpkgs revision pins the actual version, so this
# entry is the Windows-side mirror). Bumped 1.18.0 → 1.20.0 in C-g
# step 5 to match the nixpkgs version on aarch64-darwin / x86_64-linux.
HYPERFINE_VERSION=1.20.0
# install-tools.ps1 release zip on Windows; Nix devshell on Linux/macOS.
GO_VERSION=1.25.5
# install-tools.ps1 release zip on Windows; Nix devshell on Linux/macOS.
TINYGO_VERSION=0.40.1
# install-tools.ps1 release tarball on Windows; Linux/macOS get
# binaryen via the Nix tinygo wrapper which prepends binaryen-125 to
# PATH automatically (verified locally — see flake.lock). Pinning
# Windows explicitly here keeps the realworld TinyGo programs
# (which call wasm-opt as part of their build pipeline) reproducible.
BINARYEN_VERSION=125

# === [planned] tools (informational; not yet read by any script) ===

# Tracks current flake.lock nixpkgs revision.
NODEJS_VERSION=24.13.0
# Tracks current flake.lock nixpkgs revision.
BUN_VERSION=1.3.8
# Mirrors flake.lock python3 minor; CI uses actions/setup-python with 3.x.
PYTHON_VERSION=3.13
